// !$*UTF8*$!
{
	archiveVersion = 1;
	classes = {
	};
	objectVersion = 46;
	objects = {

/* Begin PBXFileReference section */
		400530B12228836A00CF5F70 /* asm.h */ = {isa = PBXFileReference; lastKnownFileType = sourcecode.c.h; path = asm.h; sourceTree = "<group>"; };
		400530B22228836A00CF5F70 /* bio.c */ = {isa = PBXFileReference; lastKnownFileType = sourcecode.c.c; path = bio.c; sourceTree = "<group>"; };
		400530B32228836A00CF5F70 /* bootasm.S */ = {isa = PBXFileReference; lastKnownFileType = sourcecode.asm; path = bootasm.S; sourceTree = "<group>"; };
		400530B42228836A00CF5F70 /* bootmain.c */ = {isa = PBXFileReference; lastKnownFileType = sourcecode.c.c; path = bootmain.c; sourceTree = "<group>"; };
		400530B52228836A00CF5F70 /* buf.h */ = {isa = PBXFileReference; lastKnownFileType = sourcecode.c.h; path = buf.h; sourceTree = "<group>"; };
		400530B62228836A00CF5F70 /* BUGS */ = {isa = PBXFileReference; lastKnownFileType = text; path = BUGS; sourceTree = "<group>"; };
		400530B72228836A00CF5F70 /* cat.c */ = {isa = PBXFileReference; lastKnownFileType = sourcecode.c.c; path = cat.c; sourceTree = "<group>"; };
		400530B82228836A00CF5F70 /* console.c */ = {isa = PBXFileReference; lastKnownFileType = sourcecode.c.c; path = console.c; sourceTree = "<group>"; };
		400530B92228836A00CF5F70 /* cuth */ = {isa = PBXFileReference; lastKnownFileType = text.script.perl; path = cuth; sourceTree = "<group>"; };
		400530BA2228836A00CF5F70 /* date.h */ = {isa = PBXFileReference; lastKnownFileType = sourcecode.c.h; path = date.h; sourceTree = "<group>"; };
		400530BB2228836A00CF5F70 /* defs.h */ = {isa = PBXFileReference; lastKnownFileType = sourcecode.c.h; path = defs.h; sourceTree = "<group>"; };
		400530BC2228836A00CF5F70 /* dot-bochsrc */ = {isa = PBXFileReference; lastKnownFileType = text; path = "dot-bochsrc"; sourceTree = "<group>"; };
		400530BD2228836A00CF5F70 /* echo.c */ = {isa = PBXFileReference; lastKnownFileType = sourcecode.c.c; path = echo.c; sourceTree = "<group>"; };
		400530BE2228836A00CF5F70 /* elf.h */ = {isa = PBXFileReference; lastKnownFileType = sourcecode.c.h; path = elf.h; sourceTree = "<group>"; };
		400530BF2228836A00CF5F70 /* entry.S */ = {isa = PBXFileReference; lastKnownFileType = sourcecode.asm; path = entry.S; sourceTree = "<group>"; };
		400530C02228836A00CF5F70 /* entryother.S */ = {isa = PBXFileReference; lastKnownFileType = sourcecode.asm; path = entryother.S; sourceTree = "<group>"; };
		400530C12228836A00CF5F70 /* exec.c */ = {isa = PBXFileReference; lastKnownFileType = sourcecode.c.c; path = exec.c; sourceTree = "<group>"; };
		400530C22228836A00CF5F70 /* fcntl.h */ = {isa = PBXFileReference; lastKnownFileType = sourcecode.c.h; path = fcntl.h; sourceTree = "<group>"; };
		400530C32228836A00CF5F70 /* file.c */ = {isa = PBXFileReference; lastKnownFileType = sourcecode.c.c; path = file.c; sourceTree = "<group>"; };
		400530C42228836A00CF5F70 /* file.h */ = {isa = PBXFileReference; lastKnownFileType = sourcecode.c.h; path = file.h; sourceTree = "<group>"; };
		400530C52228836A00CF5F70 /* forktest.c */ = {isa = PBXFileReference; lastKnownFileType = sourcecode.c.c; path = forktest.c; sourceTree = "<group>"; };
		400530C62228836A00CF5F70 /* fs.c */ = {isa = PBXFileReference; lastKnownFileType = sourcecode.c.c; path = fs.c; sourceTree = "<group>"; };
		400530C72228836A00CF5F70 /* fs.h */ = {isa = PBXFileReference; lastKnownFileType = sourcecode.c.h; path = fs.h; sourceTree = "<group>"; };
		400530C82228836A00CF5F70 /* gdbutil */ = {isa = PBXFileReference; lastKnownFileType = text; path = gdbutil; sourceTree = "<group>"; };
		400530C92228836A00CF5F70 /* grep.c */ = {isa = PBXFileReference; lastKnownFileType = sourcecode.c.c; path = grep.c; sourceTree = "<group>"; };
		400530CA2228836A00CF5F70 /* ide.c */ = {isa = PBXFileReference; lastKnownFileType = sourcecode.c.c; path = ide.c; sourceTree = "<group>"; };
		400530CB2228836A00CF5F70 /* init.c */ = {isa = PBXFileReference; lastKnownFileType = sourcecode.c.c; path = init.c; sourceTree = "<group>"; };
		400530CC2228836A00CF5F70 /* initcode.S */ = {isa = PBXFileReference; lastKnownFileType = sourcecode.asm; path = initcode.S; sourceTree = "<group>"; };
		400530CD2228836A00CF5F70 /* ioapic.c */ = {isa = PBXFileReference; lastKnownFileType = sourcecode.c.c; path = ioapic.c; sourceTree = "<group>"; };
		400530CE2228836A00CF5F70 /* kalloc.c */ = {isa = PBXFileReference; lastKnownFileType = sourcecode.c.c; path = kalloc.c; sourceTree = "<group>"; };
		400530CF2228836A00CF5F70 /* kbd.c */ = {isa = PBXFileReference; lastKnownFileType = sourcecode.c.c; path = kbd.c; sourceTree = "<group>"; };
		400530D02228836A00CF5F70 /* kbd.h */ = {isa = PBXFileReference; lastKnownFileType = sourcecode.c.h; path = kbd.h; sourceTree = "<group>"; };
		400530D12228836A00CF5F70 /* kernel.ld */ = {isa = PBXFileReference; lastKnownFileType = text; path = kernel.ld; sourceTree = "<group>"; };
		400530D22228836A00CF5F70 /* kill.c */ = {isa = PBXFileReference; lastKnownFileType = sourcecode.c.c; path = kill.c; sourceTree = "<group>"; };
		400530D32228836A00CF5F70 /* lapic.c */ = {isa = PBXFileReference; lastKnownFileType = sourcecode.c.c; path = lapic.c; sourceTree = "<group>"; };
		400530D42228836A00CF5F70 /* LICENSE */ = {isa = PBXFileReference; lastKnownFileType = text; path = LICENSE; sourceTree = "<group>"; };
		400530D52228836A00CF5F70 /* ln.c */ = {isa = PBXFileReference; lastKnownFileType = sourcecode.c.c; path = ln.c; sourceTree = "<group>"; };
		400530D62228836A00CF5F70 /* log.c */ = {isa = PBXFileReference; lastKnownFileType = sourcecode.c.c; path = log.c; sourceTree = "<group>"; };
		400530D72228836A00CF5F70 /* ls.c */ = {isa = PBXFileReference; lastKnownFileType = sourcecode.c.c; path = ls.c; sourceTree = "<group>"; };
		400530D82228836A00CF5F70 /* main.c */ = {isa = PBXFileReference; lastKnownFileType = sourcecode.c.c; path = main.c; sourceTree = "<group>"; };
		400530D92228836A00CF5F70 /* Makefile */ = {isa = PBXFileReference; lastKnownFileType = sourcecode.make; path = Makefile; sourceTree = "<group>"; };
		400530DA2228836A00CF5F70 /* memide.c */ = {isa = PBXFileReference; lastKnownFileType = sourcecode.c.c; path = memide.c; sourceTree = "<group>"; };
		400530DB2228836A00CF5F70 /* memlayout.h */ = {isa = PBXFileReference; lastKnownFileType = sourcecode.c.h; path = memlayout.h; sourceTree = "<group>"; };
		400530DC2228836A00CF5F70 /* mkdir.c */ = {isa = PBXFileReference; lastKnownFileType = sourcecode.c.c; path = mkdir.c; sourceTree = "<group>"; };
		400530DD2228836A00CF5F70 /* mkfs.c */ = {isa = PBXFileReference; lastKnownFileType = sourcecode.c.c; path = mkfs.c; sourceTree = "<group>"; };
		400530DE2228836A00CF5F70 /* mmu.h */ = {isa = PBXFileReference; lastKnownFileType = sourcecode.c.h; path = mmu.h; sourceTree = "<group>"; };
		400530DF2228836A00CF5F70 /* mp.c */ = {isa = PBXFileReference; lastKnownFileType = sourcecode.c.c; path = mp.c; sourceTree = "<group>"; };
		400530E02228836A00CF5F70 /* mp.h */ = {isa = PBXFileReference; lastKnownFileType = sourcecode.c.h; path = mp.h; sourceTree = "<group>"; };
		400530E12228836A00CF5F70 /* Notes */ = {isa = PBXFileReference; lastKnownFileType = text; path = Notes; sourceTree = "<group>"; };
		400530E22228836A00CF5F70 /* null.c */ = {isa = PBXFileReference; lastKnownFileType = sourcecode.c.c; path = null.c; sourceTree = "<group>"; };
		400530E32228836A00CF5F70 /* param.h */ = {isa = PBXFileReference; lastKnownFileType = sourcecode.c.h; path = param.h; sourceTree = "<group>"; };
		400530E42228836A00CF5F70 /* picirq.c */ = {isa = PBXFileReference; lastKnownFileType = sourcecode.c.c; path = picirq.c; sourceTree = "<group>"; };
		400530E52228836A00CF5F70 /* pipe.c */ = {isa = PBXFileReference; lastKnownFileType = sourcecode.c.c; path = pipe.c; sourceTree = "<group>"; };
		400530E62228836A00CF5F70 /* pr.pl */ = {isa = PBXFileReference; lastKnownFileType = text.script.perl; path = pr.pl; sourceTree = "<group>"; };
		400530E72228836A00CF5F70 /* printf.c */ = {isa = PBXFileReference; lastKnownFileType = sourcecode.c.c; path = printf.c; sourceTree = "<group>"; };
		400530E82228836A00CF5F70 /* printpcs */ = {isa = PBXFileReference; lastKnownFileType = text.script.sh; path = printpcs; sourceTree = "<group>"; };
		400530E92228836A00CF5F70 /* proc.c */ = {isa = PBXFileReference; lastKnownFileType = sourcecode.c.c; path = proc.c; sourceTree = "<group>"; };
		400530EA2228836A00CF5F70 /* proc.h */ = {isa = PBXFileReference; lastKnownFileType = sourcecode.c.h; path = proc.h; sourceTree = "<group>"; };
		400530EB2228836A00CF5F70 /* README */ = {isa = PBXFileReference; lastKnownFileType = text; path = README; sourceTree = "<group>"; };
		400530EC2228836A00CF5F70 /* README.md */ = {isa = PBXFileReference; lastKnownFileType = net.daringfireball.markdown; path = README.md; sourceTree = "<group>"; };
		400530ED2228836A00CF5F70 /* rm.c */ = {isa = PBXFileReference; lastKnownFileType = sourcecode.c.c; path = rm.c; sourceTree = "<group>"; };
		400530EE2228836A00CF5F70 /* runoff */ = {isa = PBXFileReference; lastKnownFileType = text.script.sh; path = runoff; sourceTree = "<group>"; };
		400530EF2228836A00CF5F70 /* runoff.list */ = {isa = PBXFileReference; lastKnownFileType = text; path = runoff.list; sourceTree = "<group>"; };
		400530F02228836A00CF5F70 /* runoff.spec */ = {isa = PBXFileReference; lastKnownFileType = text; path = runoff.spec; sourceTree = "<group>"; };
		400530F12228836A00CF5F70 /* runoff1 */ = {isa = PBXFileReference; lastKnownFileType = text.script.perl; path = runoff1; sourceTree = "<group>"; };
		400530F22228836A00CF5F70 /* sh.c */ = {isa = PBXFileReference; lastKnownFileType = sourcecode.c.c; path = sh.c; sourceTree = "<group>"; };
		400530F32228836A00CF5F70 /* shm_cnt.c */ = {isa = PBXFileReference; lastKnownFileType = sourcecode.c.c; path = shm_cnt.c; sourceTree = "<group>"; };
		400530F42228836A00CF5F70 /* shm.c */ = {isa = PBXFileReference; lastKnownFileType = sourcecode.c.c; path = shm.c; sourceTree = "<group>"; };
		400530F52228836A00CF5F70 /* show1 */ = {isa = PBXFileReference; lastKnownFileType = text.script.sh; path = show1; sourceTree = "<group>"; };
		400530F62228836A00CF5F70 /* sign.pl */ = {isa = PBXFileReference; lastKnownFileType = text.script.perl; path = sign.pl; sourceTree = "<group>"; };
		400530F72228836A00CF5F70 /* sleep1.p */ = {isa = PBXFileReference; lastKnownFileType = sourcecode.pascal; path = sleep1.p; sourceTree = "<group>"; };
		400530F82228836A00CF5F70 /* sleeplock.c */ = {isa = PBXFileReference; lastKnownFileType = sourcecode.c.c; path = sleeplock.c; sourceTree = "<group>"; };
		400530F92228836A00CF5F70 /* sleeplock.h */ = {isa = PBXFileReference; lastKnownFileType = sourcecode.c.h; path = sleeplock.h; sourceTree = "<group>"; };
		400530FA2228836A00CF5F70 /* spinlock.c */ = {isa = PBXFileReference; lastKnownFileType = sourcecode.c.c; path = spinlock.c; sourceTree = "<group>"; };
		400530FB2228836A00CF5F70 /* spinlock.h */ = {isa = PBXFileReference; lastKnownFileType = sourcecode.c.h; path = spinlock.h; sourceTree = "<group>"; };
		400530FC2228836A00CF5F70 /* spinp */ = {isa = PBXFileReference; lastKnownFileType = text.script.sh; path = spinp; sourceTree = "<group>"; };
		400530FD2228836A00CF5F70 /* stat.h */ = {isa = PBXFileReference; lastKnownFileType = sourcecode.c.h; path = stat.h; sourceTree = "<group>"; };
		400530FE2228836A00CF5F70 /* stressfs.c */ = {isa = PBXFileReference; lastKnownFileType = sourcecode.c.c; path = stressfs.c; sourceTree = "<group>"; };
		400530FF2228836A00CF5F70 /* string.c */ = {isa = PBXFileReference; lastKnownFileType = sourcecode.c.c; path = string.c; sourceTree = "<group>"; };
		400531002228836A00CF5F70 /* swtch.S */ = {isa = PBXFileReference; lastKnownFileType = sourcecode.asm; path = swtch.S; sourceTree = "<group>"; };
		400531012228836A00CF5F70 /* symlink.patch */ = {isa = PBXFileReference; lastKnownFileType = text; path = symlink.patch; sourceTree = "<group>"; };
		400531022228836A00CF5F70 /* syscall.c */ = {isa = PBXFileReference; lastKnownFileType = sourcecode.c.c; path = syscall.c; sourceTree = "<group>"; };
		400531032228836A00CF5F70 /* syscall.h */ = {isa = PBXFileReference; lastKnownFileType = sourcecode.c.h; path = syscall.h; sourceTree = "<group>"; };
		400531042228836A00CF5F70 /* sysfile.c */ = {isa = PBXFileReference; lastKnownFileType = sourcecode.c.c; path = sysfile.c; sourceTree = "<group>"; };
		400531052228836A00CF5F70 /* sysproc.c */ = {isa = PBXFileReference; lastKnownFileType = sourcecode.c.c; path = sysproc.c; sourceTree = "<group>"; };
		400531062228836A00CF5F70 /* toc.ftr */ = {isa = PBXFileReference; lastKnownFileType = text; path = toc.ftr; sourceTree = "<group>"; };
		400531072228836A00CF5F70 /* toc.hdr */ = {isa = PBXFileReference; lastKnownFileType = text; path = toc.hdr; sourceTree = "<group>"; };
		400531082228836A00CF5F70 /* trap.c */ = {isa = PBXFileReference; lastKnownFileType = sourcecode.c.c; path = trap.c; sourceTree = "<group>"; };
		400531092228836A00CF5F70 /* trapasm.S */ = {isa = PBXFileReference; lastKnownFileType = sourcecode.asm; path = trapasm.S; sourceTree = "<group>"; };
		4005310A2228836A00CF5F70 /* traps.h */ = {isa = PBXFileReference; lastKnownFileType = sourcecode.c.h; path = traps.h; sourceTree = "<group>"; };
		4005310B2228836A00CF5F70 /* TRICKS */ = {isa = PBXFileReference; lastKnownFileType = text; path = TRICKS; sourceTree = "<group>"; };
		4005310C2228836A00CF5F70 /* types.h */ = {isa = PBXFileReference; lastKnownFileType = sourcecode.c.h; path = types.h; sourceTree = "<group>"; };
		4005310D2228836A00CF5F70 /* uart.c */ = {isa = PBXFileReference; lastKnownFileType = sourcecode.c.c; path = uart.c; sourceTree = "<group>"; };
		4005310E2228836A00CF5F70 /* ulib.c */ = {isa = PBXFileReference; lastKnownFileType = sourcecode.c.c; path = ulib.c; sourceTree = "<group>"; };
		4005310F2228836A00CF5F70 /* umalloc.c */ = {isa = PBXFileReference; lastKnownFileType = sourcecode.c.c; path = umalloc.c; sourceTree = "<group>"; };
		400531102228836A00CF5F70 /* user.h */ = {isa = PBXFileReference; lastKnownFileType = sourcecode.c.h; path = user.h; sourceTree = "<group>"; };
		400531112228836A00CF5F70 /* usertests.c */ = {isa = PBXFileReference; lastKnownFileType = sourcecode.c.c; path = usertests.c; sourceTree = "<group>"; };
		400531122228836A00CF5F70 /* uspinlock.c */ = {isa = PBXFileReference; lastKnownFileType = sourcecode.c.c; path = uspinlock.c; sourceTree = "<group>"; };
		400531132228836A00CF5F70 /* uspinlock.h */ = {isa = PBXFileReference; lastKnownFileType = sourcecode.c.h; path = uspinlock.h; sourceTree = "<group>"; };
		400531142228836A00CF5F70 /* usys.S */ = {isa = PBXFileReference; lastKnownFileType = sourcecode.asm; path = usys.S; sourceTree = "<group>"; };
		400531152228836A00CF5F70 /* vectors.pl */ = {isa = PBXFileReference; lastKnownFileType = text.script.perl; path = vectors.pl; sourceTree = "<group>"; };
		400531162228836A00CF5F70 /* vm.c */ = {isa = PBXFileReference; lastKnownFileType = sourcecode.c.c; path = vm.c; sourceTree = "<group>"; };
		400531172228836A00CF5F70 /* wc.c */ = {isa = PBXFileReference; lastKnownFileType = sourcecode.c.c; path = wc.c; sourceTree = "<group>"; };
		400531182228836A00CF5F70 /* x86.h */ = {isa = PBXFileReference; lastKnownFileType = sourcecode.c.h; path = x86.h; sourceTree = "<group>"; };
		400531192228836A00CF5F70 /* xv6_1.xcodeproj */ = {isa = PBXFileReference; lastKnownFileType = "wrapper.pb-project"; path = xv6_1.xcodeproj; sourceTree = "<group>"; };
		4005311C2228836A00CF5F70 /* zombie.c */ = {isa = PBXFileReference; lastKnownFileType = sourcecode.c.c; path = zombie.c; sourceTree = "<group>"; };
		409314632230987A00E1B3CD /* lab3.c */ = {isa = PBXFileReference; lastKnownFileType = sourcecode.c.c; path = lab3.c; sourceTree = "<group>"; };
/* End PBXFileReference section */

/* Begin PBXGroup section */
		4005311A2228836A00CF5F70 /* Products */ = {
			isa = PBXGroup;
			name = Products;
			sourceTree = "<group>";
		};
		4084D64A21FA519300A27D55 = {
			isa = PBXGroup;
			children = (
				400530B12228836A00CF5F70 /* asm.h */,
				400530B22228836A00CF5F70 /* bio.c */,
				400530B32228836A00CF5F70 /* bootasm.S */,
				400530B42228836A00CF5F70 /* bootmain.c */,
				400530B52228836A00CF5F70 /* buf.h */,
				400530B62228836A00CF5F70 /* BUGS */,
				400530B72228836A00CF5F70 /* cat.c */,
				400530B82228836A00CF5F70 /* console.c */,
				400530B92228836A00CF5F70 /* cuth */,
				400530BA2228836A00CF5F70 /* date.h */,
				400530BB2228836A00CF5F70 /* defs.h */,
				400530BC2228836A00CF5F70 /* dot-bochsrc */,
				400530BD2228836A00CF5F70 /* echo.c */,
				400530BE2228836A00CF5F70 /* elf.h */,
				400530BF2228836A00CF5F70 /* entry.S */,
				400530C02228836A00CF5F70 /* entryother.S */,
				400530C12228836A00CF5F70 /* exec.c */,
				400530C22228836A00CF5F70 /* fcntl.h */,
				400530C32228836A00CF5F70 /* file.c */,
				400530C42228836A00CF5F70 /* file.h */,
				400530C52228836A00CF5F70 /* forktest.c */,
				400530C62228836A00CF5F70 /* fs.c */,
				400530C72228836A00CF5F70 /* fs.h */,
				400530C82228836A00CF5F70 /* gdbutil */,
				400530C92228836A00CF5F70 /* grep.c */,
				400530CA2228836A00CF5F70 /* ide.c */,
				400530CB2228836A00CF5F70 /* init.c */,
				400530CC2228836A00CF5F70 /* initcode.S */,
				400530CD2228836A00CF5F70 /* ioapic.c */,
				400530CE2228836A00CF5F70 /* kalloc.c */,
				400530CF2228836A00CF5F70 /* kbd.c */,
				400530D02228836A00CF5F70 /* kbd.h */,
				400530D12228836A00CF5F70 /* kernel.ld */,
				400530D22228836A00CF5F70 /* kill.c */,
				409314632230987A00E1B3CD /* lab3.c */,
				400530D32228836A00CF5F70 /* lapic.c */,
				400530D42228836A00CF5F70 /* LICENSE */,
				400530D52228836A00CF5F70 /* ln.c */,
				400530D62228836A00CF5F70 /* log.c */,
				400530D72228836A00CF5F70 /* ls.c */,
				400530D82228836A00CF5F70 /* main.c */,
				400530D92228836A00CF5F70 /* Makefile */,
				400530DA2228836A00CF5F70 /* memide.c */,
				400530DB2228836A00CF5F70 /* memlayout.h */,
				400530DC2228836A00CF5F70 /* mkdir.c */,
				400530DD2228836A00CF5F70 /* mkfs.c */,
				400530DE2228836A00CF5F70 /* mmu.h */,
				400530DF2228836A00CF5F70 /* mp.c */,
				400530E02228836A00CF5F70 /* mp.h */,
				400530E12228836A00CF5F70 /* Notes */,
				400530E22228836A00CF5F70 /* null.c */,
				400530E32228836A00CF5F70 /* param.h */,
				400530E42228836A00CF5F70 /* picirq.c */,
				400530E52228836A00CF5F70 /* pipe.c */,
				400530E62228836A00CF5F70 /* pr.pl */,
				400530E72228836A00CF5F70 /* printf.c */,
				400530E82228836A00CF5F70 /* printpcs */,
				400530E92228836A00CF5F70 /* proc.c */,
				400530EA2228836A00CF5F70 /* proc.h */,
				400530EB2228836A00CF5F70 /* README */,
				400530EC2228836A00CF5F70 /* README.md */,
				400530ED2228836A00CF5F70 /* rm.c */,
				400530EE2228836A00CF5F70 /* runoff */,
				400530EF2228836A00CF5F70 /* runoff.list */,
				400530F02228836A00CF5F70 /* runoff.spec */,
				400530F12228836A00CF5F70 /* runoff1 */,
				400530F22228836A00CF5F70 /* sh.c */,
				400530F32228836A00CF5F70 /* shm_cnt.c */,
				400530F42228836A00CF5F70 /* shm.c */,
				400530F52228836A00CF5F70 /* show1 */,
				400530F62228836A00CF5F70 /* sign.pl */,
				400530F72228836A00CF5F70 /* sleep1.p */,
				400530F82228836A00CF5F70 /* sleeplock.c */,
				400530F92228836A00CF5F70 /* sleeplock.h */,
				400530FA2228836A00CF5F70 /* spinlock.c */,
				400530FB2228836A00CF5F70 /* spinlock.h */,
				400530FC2228836A00CF5F70 /* spinp */,
				400530FD2228836A00CF5F70 /* stat.h */,
				400530FE2228836A00CF5F70 /* stressfs.c */,
				400530FF2228836A00CF5F70 /* string.c */,
				400531002228836A00CF5F70 /* swtch.S */,
				400531012228836A00CF5F70 /* symlink.patch */,
				400531022228836A00CF5F70 /* syscall.c */,
				400531032228836A00CF5F70 /* syscall.h */,
				400531042228836A00CF5F70 /* sysfile.c */,
				400531052228836A00CF5F70 /* sysproc.c */,
				400531062228836A00CF5F70 /* toc.ftr */,
				400531072228836A00CF5F70 /* toc.hdr */,
				400531082228836A00CF5F70 /* trap.c */,
				400531092228836A00CF5F70 /* trapasm.S */,
				4005310A2228836A00CF5F70 /* traps.h */,
				4005310B2228836A00CF5F70 /* TRICKS */,
				4005310C2228836A00CF5F70 /* types.h */,
				4005310D2228836A00CF5F70 /* uart.c */,
				4005310E2228836A00CF5F70 /* ulib.c */,
				4005310F2228836A00CF5F70 /* umalloc.c */,
				400531102228836A00CF5F70 /* user.h */,
				400531112228836A00CF5F70 /* usertests.c */,
				400531122228836A00CF5F70 /* uspinlock.c */,
				400531132228836A00CF5F70 /* uspinlock.h */,
				400531142228836A00CF5F70 /* usys.S */,
				400531152228836A00CF5F70 /* vectors.pl */,
				400531162228836A00CF5F70 /* vm.c */,
				400531172228836A00CF5F70 /* wc.c */,
				400531182228836A00CF5F70 /* x86.h */,
				400531192228836A00CF5F70 /* xv6_1.xcodeproj */,
				4005311C2228836A00CF5F70 /* zombie.c */,
			);
			sourceTree = "<group>";
		};
/* End PBXGroup section */

/* Begin PBXProject section */
		4084D64B21FA519300A27D55 /* Project object */ = {
			isa = PBXProject;
			attributes = {
				LastUpgradeCheck = 0810;
			};
			buildConfigurationList = 4084D64E21FA519300A27D55 /* Build configuration list for PBXProject "xv6_1" */;
			compatibilityVersion = "Xcode 3.2";
			developmentRegion = English;
			hasScannedForEncodings = 0;
			knownRegions = (
				en,
			);
			mainGroup = 4084D64A21FA519300A27D55;
			projectDirPath = "";
			projectReferences = (
				{
					ProductGroup = 4005311A2228836A00CF5F70 /* Products */;
					ProjectRef = 400531192228836A00CF5F70 /* xv6_1.xcodeproj */;
				},
			);
			projectRoot = "";
			targets = (
			);
		};
/* End PBXProject section */

/* Begin XCBuildConfiguration section */
		4084D64F21FA519300A27D55 /* Debug */ = {
			isa = XCBuildConfiguration;
			buildSettings = {
			};
			name = Debug;
		};
		4084D65021FA519300A27D55 /* Release */ = {
			isa = XCBuildConfiguration;
			buildSettings = {
			};
			name = Release;
		};
/* End XCBuildConfiguration section */

/* Begin XCConfigurationList section */
		4084D64E21FA519300A27D55 /* Build configuration list for PBXProject "xv6_1" */ = {
			isa = XCConfigurationList;
			buildConfigurations = (
				4084D64F21FA519300A27D55 /* Debug */,
				4084D65021FA519300A27D55 /* Release */,
			);
			defaultConfigurationIsVisible = 0;
			defaultConfigurationName = Release;
		};
/* End XCConfigurationList section */
	};
	rootObject = 4084D64B21FA519300A27D55 /* Project object */;
}
